
Microsoft Visual Studio Solution File, Format Version 12.00
# Visual Studio Version 17
VisualStudioVersion = 17.14.36301.6 d17.14
MinimumVisualStudioVersion = 10.0.40219.1
Project("{FAE04EC0-301F-11D3-BF4B-00C04F79EFBC}") = "MauiAppLogin", "MauiAppLogin.csproj", "{0E1EA959-0020-42DA-87B5-2A53F2726928}"
EndProject
Global
	GlobalSection(SolutionConfigurationPlatforms) = preSolution
		Debug|Any CPU = Debug|Any CPU
		Release|Any CPU = Release|Any CPU
	EndGlobalSection
	GlobalSection(ProjectConfigurationPlatforms) = postSolution
		{0E1EA959-0020-42DA-87B5-2A53F2726928}.Debug|Any CPU.ActiveCfg = Debug|Any CPU
		{0E1EA959-0020-42DA-87B5-2A53F2726928}.Debug|Any CPU.Build.0 = Debug|Any CPU
		{0E1EA959-0020-42DA-87B5-2A53F2726928}.Debug|Any CPU.Deploy.0 = Debug|Any CPU
		{0E1EA959-0020-42DA-87B5-2A53F2726928}.Release|Any CPU.ActiveCfg = Release|Any CPU
		{0E1EA959-0020-42DA-87B5-2A53F2726928}.Release|Any CPU.Build.0 = Release|Any CPU
		{0E1EA959-0020-42DA-87B5-2A53F2726928}.Release|Any CPU.Deploy.0 = Release|Any CPU
	EndGlobalSection
	GlobalSection(SolutionProperties) = preSolution
		HideSolutionNode = FALSE
	EndGlobalSection
	GlobalSection(ExtensibilityGlobals) = postSolution
		SolutionGuid = {822522E8-CB97-4183-9E16-DBA5B6FAADF9}
	EndGlobalSection
EndGlobal
